
Microsoft Visual Studio Solution File, Format Version 12.00
# Visual Studio Version 16
VisualStudioVersion = 16.0.31702.278
MinimumVisualStudioVersion = 10.0.40219.1
Project("{8BC9CEB8-8B4A-11D0-8D11-00A0C91BC942}") = "01.01. Ex. jeux de dés", "HelloWorld\HelloWorld.vcxproj", "{6A20880F-FC8D-465D-AD68-68B8E30BC70E}"
EndProject
Project("{8BC9CEB8-8B4A-11D0-8D11-00A0C91BC942}") = "01.01. Form. Dragon", "Dragon and Dungeon\Dragon and Dungeon.vcxproj", "{C6B4B55A-7C72-4606-A2BC-B9F13EFCDF6B}"
EndProject
Project("{8BC9CEB8-8B4A-11D0-8D11-00A0C91BC942}") = "01.02. Ex. Enumeration", "Exercice Enums\Exercice Enums.vcxproj", "{3137340F-C0F2-4013-A9E4-4CE6EC87B4FD}"
EndProject
Project("{8BC9CEB8-8B4A-11D0-8D11-00A0C91BC942}") = "01.02.  Ex. arrays!", "01.02.  arrays!\01.02.  arrays!.vcxproj", "{0698C716-BE87-43DA-BD49-F271F7171D84}"
EndProject
Project("{8BC9CEB8-8B4A-11D0-8D11-00A0C91BC942}") = "01.02. Form. Poker", "01.02. Form. Poker\01.02. Form. Poker.vcxproj", "{BF054E16-2F13-46A0-9FD5-3C440FE98236}"
EndProject
Project("{8BC9CEB8-8B4A-11D0-8D11-00A0C91BC942}") = "01.02. Ex. string", "01.02. Ex. string\01.02. Ex. string.vcxproj", "{885752DD-1406-4216-8E58-A19A1D795074}"
EndProject
Project("{8BC9CEB8-8B4A-11D0-8D11-00A0C91BC942}") = "01.02. Form. Narrative game", "01.02. Form. Narrative game\01.02. Form. Narrative game.vcxproj", "{A49574F0-1BD3-42F1-B9E5-7EA5EC2C8982}"
EndProject
Project("{8BC9CEB8-8B4A-11D0-8D11-00A0C91BC942}") = "03.00 Ex. Class", "03.00 Ex. Class\03.00 Ex. Class.vcxproj", "{5533DA61-C4B6-465D-BBEA-C9825BBF1D50}"
EndProject
Global
	GlobalSection(SolutionConfigurationPlatforms) = preSolution
		Debug|x64 = Debug|x64
		Debug|x86 = Debug|x86
		Release|x64 = Release|x64
		Release|x86 = Release|x86
	EndGlobalSection
	GlobalSection(ProjectConfigurationPlatforms) = postSolution
		{6A20880F-FC8D-465D-AD68-68B8E30BC70E}.Debug|x64.ActiveCfg = Debug|x64
		{6A20880F-FC8D-465D-AD68-68B8E30BC70E}.Debug|x64.Build.0 = Debug|x64
		{6A20880F-FC8D-465D-AD68-68B8E30BC70E}.Debug|x86.ActiveCfg = Debug|Win32
		{6A20880F-FC8D-465D-AD68-68B8E30BC70E}.Debug|x86.Build.0 = Debug|Win32
		{6A20880F-FC8D-465D-AD68-68B8E30BC70E}.Release|x64.ActiveCfg = Release|x64
		{6A20880F-FC8D-465D-AD68-68B8E30BC70E}.Release|x64.Build.0 = Release|x64
		{6A20880F-FC8D-465D-AD68-68B8E30BC70E}.Release|x86.ActiveCfg = Release|Win32
		{6A20880F-FC8D-465D-AD68-68B8E30BC70E}.Release|x86.Build.0 = Release|Win32
		{C6B4B55A-7C72-4606-A2BC-B9F13EFCDF6B}.Debug|x64.ActiveCfg = Debug|x64
		{C6B4B55A-7C72-4606-A2BC-B9F13EFCDF6B}.Debug|x64.Build.0 = Debug|x64
		{C6B4B55A-7C72-4606-A2BC-B9F13EFCDF6B}.Debug|x86.ActiveCfg = Debug|Win32
		{C6B4B55A-7C72-4606-A2BC-B9F13EFCDF6B}.Debug|x86.Build.0 = Debug|Win32
		{C6B4B55A-7C72-4606-A2BC-B9F13EFCDF6B}.Release|x64.ActiveCfg = Release|x64
		{C6B4B55A-7C72-4606-A2BC-B9F13EFCDF6B}.Release|x64.Build.0 = Release|x64
		{C6B4B55A-7C72-4606-A2BC-B9F13EFCDF6B}.Release|x86.ActiveCfg = Release|Win32
		{C6B4B55A-7C72-4606-A2BC-B9F13EFCDF6B}.Release|x86.Build.0 = Release|Win32
		{3137340F-C0F2-4013-A9E4-4CE6EC87B4FD}.Debug|x64.ActiveCfg = Debug|x64
		{3137340F-C0F2-4013-A9E4-4CE6EC87B4FD}.Debug|x64.Build.0 = Debug|x64
		{3137340F-C0F2-4013-A9E4-4CE6EC87B4FD}.Debug|x86.ActiveCfg = Debug|Win32
		{3137340F-C0F2-4013-A9E4-4CE6EC87B4FD}.Debug|x86.Build.0 = Debug|Win32
		{3137340F-C0F2-4013-A9E4-4CE6EC87B4FD}.Release|x64.ActiveCfg = Release|x64
		{3137340F-C0F2-4013-A9E4-4CE6EC87B4FD}.Release|x64.Build.0 = Release|x64
		{3137340F-C0F2-4013-A9E4-4CE6EC87B4FD}.Release|x86.ActiveCfg = Release|Win32
		{3137340F-C0F2-4013-A9E4-4CE6EC87B4FD}.Release|x86.Build.0 = Release|Win32
		{0698C716-BE87-43DA-BD49-F271F7171D84}.Debug|x64.ActiveCfg = Debug|x64
		{0698C716-BE87-43DA-BD49-F271F7171D84}.Debug|x64.Build.0 = Debug|x64
		{0698C716-BE87-43DA-BD49-F271F7171D84}.Debug|x86.ActiveCfg = Debug|Win32
		{0698C716-BE87-43DA-BD49-F271F7171D84}.Debug|x86.Build.0 = Debug|Win32
		{0698C716-BE87-43DA-BD49-F271F7171D84}.Release|x64.ActiveCfg = Release|x64
		{0698C716-BE87-43DA-BD49-F271F7171D84}.Release|x64.Build.0 = Release|x64
		{0698C716-BE87-43DA-BD49-F271F7171D84}.Release|x86.ActiveCfg = Release|Win32
		{0698C716-BE87-43DA-BD49-F271F7171D84}.Release|x86.Build.0 = Release|Win32
		{BF054E16-2F13-46A0-9FD5-3C440FE98236}.Debug|x64.ActiveCfg = Debug|x64
		{BF054E16-2F13-46A0-9FD5-3C440FE98236}.Debug|x64.Build.0 = Debug|x64
		{BF054E16-2F13-46A0-9FD5-3C440FE98236}.Debug|x86.ActiveCfg = Debug|Win32
		{BF054E16-2F13-46A0-9FD5-3C440FE98236}.Debug|x86.Build.0 = Debug|Win32
		{BF054E16-2F13-46A0-9FD5-3C440FE98236}.Release|x64.ActiveCfg = Release|x64
		{BF054E16-2F13-46A0-9FD5-3C440FE98236}.Release|x64.Build.0 = Release|x64
		{BF054E16-2F13-46A0-9FD5-3C440FE98236}.Release|x86.ActiveCfg = Release|Win32
		{BF054E16-2F13-46A0-9FD5-3C440FE98236}.Release|x86.Build.0 = Release|Win32
		{885752DD-1406-4216-8E58-A19A1D795074}.Debug|x64.ActiveCfg = Debug|x64
		{885752DD-1406-4216-8E58-A19A1D795074}.Debug|x64.Build.0 = Debug|x64
		{885752DD-1406-4216-8E58-A19A1D795074}.Debug|x86.ActiveCfg = Debug|Win32
		{885752DD-1406-4216-8E58-A19A1D795074}.Debug|x86.Build.0 = Debug|Win32
		{885752DD-1406-4216-8E58-A19A1D795074}.Release|x64.ActiveCfg = Release|x64
		{885752DD-1406-4216-8E58-A19A1D795074}.Release|x64.Build.0 = Release|x64
		{885752DD-1406-4216-8E58-A19A1D795074}.Release|x86.ActiveCfg = Release|Win32
		{885752DD-1406-4216-8E58-A19A1D795074}.Release|x86.Build.0 = Release|Win32
		{A49574F0-1BD3-42F1-B9E5-7EA5EC2C8982}.Debug|x64.ActiveCfg = Debug|x64
		{A49574F0-1BD3-42F1-B9E5-7EA5EC2C8982}.Debug|x64.Build.0 = Debug|x64
		{A49574F0-1BD3-42F1-B9E5-7EA5EC2C8982}.Debug|x86.ActiveCfg = Debug|Win32
		{A49574F0-1BD3-42F1-B9E5-7EA5EC2C8982}.Debug|x86.Build.0 = Debug|Win32
		{A49574F0-1BD3-42F1-B9E5-7EA5EC2C8982}.Release|x64.ActiveCfg = Release|x64
		{A49574F0-1BD3-42F1-B9E5-7EA5EC2C8982}.Release|x64.Build.0 = Release|x64
		{A49574F0-1BD3-42F1-B9E5-7EA5EC2C8982}.Release|x86.ActiveCfg = Release|Win32
		{A49574F0-1BD3-42F1-B9E5-7EA5EC2C8982}.Release|x86.Build.0 = Release|Win32
		{5533DA61-C4B6-465D-BBEA-C9825BBF1D50}.Debug|x64.ActiveCfg = Debug|x64
		{5533DA61-C4B6-465D-BBEA-C9825BBF1D50}.Debug|x64.Build.0 = Debug|x64
		{5533DA61-C4B6-465D-BBEA-C9825BBF1D50}.Debug|x86.ActiveCfg = Debug|Win32
		{5533DA61-C4B6-465D-BBEA-C9825BBF1D50}.Debug|x86.Build.0 = Debug|Win32
		{5533DA61-C4B6-465D-BBEA-C9825BBF1D50}.Release|x64.ActiveCfg = Release|x64
		{5533DA61-C4B6-465D-BBEA-C9825BBF1D50}.Release|x64.Build.0 = Release|x64
		{5533DA61-C4B6-465D-BBEA-C9825BBF1D50}.Release|x86.ActiveCfg = Release|Win32
		{5533DA61-C4B6-465D-BBEA-C9825BBF1D50}.Release|x86.Build.0 = Release|Win32
	EndGlobalSection
	GlobalSection(SolutionProperties) = preSolution
		HideSolutionNode = FALSE
	EndGlobalSection
	GlobalSection(ExtensibilityGlobals) = postSolution
		SolutionGuid = {F24B7E32-CD8E-410B-89E6-3D14CE612A0B}
	EndGlobalSection
EndGlobal
