
Microsoft Visual Studio Solution File, Format Version 12.00
# Visual Studio Version 16
VisualStudioVersion = 16.0.31702.278
MinimumVisualStudioVersion = 10.0.40219.1
Project("{8BC9CEB8-8B4A-11D0-8D11-00A0C91BC942}") = "01.01. Ex. jeux de dés", "HelloWorld\HelloWorld.vcxproj", "{6A20880F-FC8D-465D-AD68-68B8E30BC70E}"
EndProject
Project("{8BC9CEB8-8B4A-11D0-8D11-00A0C91BC942}") = "01.01. Form. Dragon", "Dragon and Dungeon\Dragon and Dungeon.vcxproj", "{C6B4B55A-7C72-4606-A2BC-B9F13EFCDF6B}"
EndProject
Project("{8BC9CEB8-8B4A-11D0-8D11-00A0C91BC942}") = "01.02. Ex. Enumeration", "Exercice Enums\Exercice Enums.vcxproj", "{3137340F-C0F2-4013-A9E4-4CE6EC87B4FD}"
EndProject
Project("{8BC9CEB8-8B4A-11D0-8D11-00A0C91BC942}") = "01.02.  Ex. arrays!", "01.02.  arrays!\01.02.  arrays!.vcxproj", "{0698C716-BE87-43DA-BD49-F271F7171D84}"
EndProject
Project("{8BC9CEB8-8B4A-11D0-8D11-00A0C91BC942}") = "01.02. Form. Poker", "01.02. Form. Poker\01.02. Form. Poker.vcxproj", "{BF054E16-2F13-46A0-9FD5-3C440FE98236}"
EndProject
Project("{8BC9CEB8-8B4A-11D0-8D11-00A0C91BC942}") = "01.02. Ex. string", "01.02. Ex. string\01.02. Ex. string.vcxproj", "{885752DD-1406-4216-8E58-A19A1D795074}"
EndProject
Project("{8BC9CEB8-8B4A-11D0-8D11-00A0C91BC942}") = "01.02. Form. Narrative game", "01.02. Form. Narrative game\01.02. Form. Narrative game.vcxproj", "{A49574F0-1BD3-42F1-B9E5-7EA5EC2C8982}"
EndProject
Project("{8BC9CEB8-8B4A-11D0-8D11-00A0C91BC942}") = "03.00 Ex. Class", "03.00 Ex. Class\03.00 Ex. Class.vcxproj", "{5533DA61-C4B6-465D-BBEA-C9825BBF1D50}"
EndProject
Project("{8BC9CEB8-8B4A-11D0-8D11-00A0C91BC942}") = "03 Ex. VECTOR", "03 Ex. VECTOR\03 Ex. VECTOR.vcxproj", "{DC69680F-AED9-4750-80D0-6EB19F929C55}"
EndProject
Project("{8BC9CEB8-8B4A-11D0-8D11-00A0C91BC942}") = "03.02 Form. Roulette russe", "03.02 Form. Roulette russe\03.02 Form. Roulette russe.vcxproj", "{9D79573D-FA12-4040-8C25-D1695EFB1FED}"
EndProject
Project("{8BC9CEB8-8B4A-11D0-8D11-00A0C91BC942}") = "03.04 Form. MAP Annuaire", "03.04 Form. MAP Annuaire\03.04 Form. MAP Annuaire.vcxproj", "{F0A2D776-39F0-4561-9C37-DFA4031FDE97}"
EndProject
Project("{8BC9CEB8-8B4A-11D0-8D11-00A0C91BC942}") = "03.01 Form Poker", "03.01 Form Poker\03.01 Form Poker.vcxproj", "{B780BDF1-589B-4255-A155-607015391E9D}"
EndProject
Project("{8BC9CEB8-8B4A-11D0-8D11-00A0C91BC942}") = "04 EX.01 OOP Voiture", "04 EX.01 OOP Voiture\04 EX.01 OOP Voiture.vcxproj", "{28323494-8815-499B-8E95-15120C15399B}"
EndProject
Project("{2150E333-8FDC-42A3-9474-1A3956D46DE8}") = "01", "01", "{1405C97D-6033-4F6C-B6D9-C8B2B8DA1979}"
EndProject
Project("{2150E333-8FDC-42A3-9474-1A3956D46DE8}") = "03", "03", "{210B4AB5-3F31-49DF-A436-4352EDFC9CD3}"
EndProject
Project("{2150E333-8FDC-42A3-9474-1A3956D46DE8}") = "04", "04", "{8976BA48-DD0B-4F0D-9949-52A67EE05089}"
EndProject
Project("{8BC9CEB8-8B4A-11D0-8D11-00A0C91BC942}") = "04 EX.02 OOP Espace point", "04 EX.02 OOP Espace point\04 EX.02 OOP Espace point.vcxproj", "{EC28823C-EDD3-46C7-8C66-DD56430F28E6}"
EndProject
Project("{8BC9CEB8-8B4A-11D0-8D11-00A0C91BC942}") = "04. EX.04 OOP Magasin bonbon", "04. EX.04 OOP Magasin bonbon\04. EX.04 OOP Magasin bonbon.vcxproj", "{F2D3AF0F-1AF1-4D4C-B911-09EF1E06A66A}"
EndProject
Project("{8BC9CEB8-8B4A-11D0-8D11-00A0C91BC942}") = "04. EX.06 OOP Inheritance", "04. EX.06 OOP Inheritance\04. EX.06 OOP Inheritance.vcxproj", "{8DCA3278-FE2A-476E-9A3C-C4B58CEB26E7}"
EndProject
Project("{8BC9CEB8-8B4A-11D0-8D11-00A0C91BC942}") = "04. Form.07 OOP Verger", "04. Form.07 OOP Verger\04. Form.07 OOP Verger.vcxproj", "{CFE186FE-0F9E-4E08-9F0F-12CA4F02652C}"
EndProject
Global
	GlobalSection(SolutionConfigurationPlatforms) = preSolution
		Debug|x64 = Debug|x64
		Debug|x86 = Debug|x86
		Release|x64 = Release|x64
		Release|x86 = Release|x86
	EndGlobalSection
	GlobalSection(ProjectConfigurationPlatforms) = postSolution
		{6A20880F-FC8D-465D-AD68-68B8E30BC70E}.Debug|x64.ActiveCfg = Debug|x64
		{6A20880F-FC8D-465D-AD68-68B8E30BC70E}.Debug|x64.Build.0 = Debug|x64
		{6A20880F-FC8D-465D-AD68-68B8E30BC70E}.Debug|x86.ActiveCfg = Debug|Win32
		{6A20880F-FC8D-465D-AD68-68B8E30BC70E}.Debug|x86.Build.0 = Debug|Win32
		{6A20880F-FC8D-465D-AD68-68B8E30BC70E}.Release|x64.ActiveCfg = Release|x64
		{6A20880F-FC8D-465D-AD68-68B8E30BC70E}.Release|x64.Build.0 = Release|x64
		{6A20880F-FC8D-465D-AD68-68B8E30BC70E}.Release|x86.ActiveCfg = Release|Win32
		{6A20880F-FC8D-465D-AD68-68B8E30BC70E}.Release|x86.Build.0 = Release|Win32
		{C6B4B55A-7C72-4606-A2BC-B9F13EFCDF6B}.Debug|x64.ActiveCfg = Debug|x64
		{C6B4B55A-7C72-4606-A2BC-B9F13EFCDF6B}.Debug|x64.Build.0 = Debug|x64
		{C6B4B55A-7C72-4606-A2BC-B9F13EFCDF6B}.Debug|x86.ActiveCfg = Debug|Win32
		{C6B4B55A-7C72-4606-A2BC-B9F13EFCDF6B}.Debug|x86.Build.0 = Debug|Win32
		{C6B4B55A-7C72-4606-A2BC-B9F13EFCDF6B}.Release|x64.ActiveCfg = Release|x64
		{C6B4B55A-7C72-4606-A2BC-B9F13EFCDF6B}.Release|x64.Build.0 = Release|x64
		{C6B4B55A-7C72-4606-A2BC-B9F13EFCDF6B}.Release|x86.ActiveCfg = Release|Win32
		{C6B4B55A-7C72-4606-A2BC-B9F13EFCDF6B}.Release|x86.Build.0 = Release|Win32
		{3137340F-C0F2-4013-A9E4-4CE6EC87B4FD}.Debug|x64.ActiveCfg = Debug|x64
		{3137340F-C0F2-4013-A9E4-4CE6EC87B4FD}.Debug|x64.Build.0 = Debug|x64
		{3137340F-C0F2-4013-A9E4-4CE6EC87B4FD}.Debug|x86.ActiveCfg = Debug|Win32
		{3137340F-C0F2-4013-A9E4-4CE6EC87B4FD}.Debug|x86.Build.0 = Debug|Win32
		{3137340F-C0F2-4013-A9E4-4CE6EC87B4FD}.Release|x64.ActiveCfg = Release|x64
		{3137340F-C0F2-4013-A9E4-4CE6EC87B4FD}.Release|x64.Build.0 = Release|x64
		{3137340F-C0F2-4013-A9E4-4CE6EC87B4FD}.Release|x86.ActiveCfg = Release|Win32
		{3137340F-C0F2-4013-A9E4-4CE6EC87B4FD}.Release|x86.Build.0 = Release|Win32
		{0698C716-BE87-43DA-BD49-F271F7171D84}.Debug|x64.ActiveCfg = Debug|x64
		{0698C716-BE87-43DA-BD49-F271F7171D84}.Debug|x64.Build.0 = Debug|x64
		{0698C716-BE87-43DA-BD49-F271F7171D84}.Debug|x86.ActiveCfg = Debug|Win32
		{0698C716-BE87-43DA-BD49-F271F7171D84}.Debug|x86.Build.0 = Debug|Win32
		{0698C716-BE87-43DA-BD49-F271F7171D84}.Release|x64.ActiveCfg = Release|x64
		{0698C716-BE87-43DA-BD49-F271F7171D84}.Release|x64.Build.0 = Release|x64
		{0698C716-BE87-43DA-BD49-F271F7171D84}.Release|x86.ActiveCfg = Release|Win32
		{0698C716-BE87-43DA-BD49-F271F7171D84}.Release|x86.Build.0 = Release|Win32
		{BF054E16-2F13-46A0-9FD5-3C440FE98236}.Debug|x64.ActiveCfg = Debug|x64
		{BF054E16-2F13-46A0-9FD5-3C440FE98236}.Debug|x64.Build.0 = Debug|x64
		{BF054E16-2F13-46A0-9FD5-3C440FE98236}.Debug|x86.ActiveCfg = Debug|Win32
		{BF054E16-2F13-46A0-9FD5-3C440FE98236}.Debug|x86.Build.0 = Debug|Win32
		{BF054E16-2F13-46A0-9FD5-3C440FE98236}.Release|x64.ActiveCfg = Release|x64
		{BF054E16-2F13-46A0-9FD5-3C440FE98236}.Release|x64.Build.0 = Release|x64
		{BF054E16-2F13-46A0-9FD5-3C440FE98236}.Release|x86.ActiveCfg = Release|Win32
		{BF054E16-2F13-46A0-9FD5-3C440FE98236}.Release|x86.Build.0 = Release|Win32
		{885752DD-1406-4216-8E58-A19A1D795074}.Debug|x64.ActiveCfg = Debug|x64
		{885752DD-1406-4216-8E58-A19A1D795074}.Debug|x64.Build.0 = Debug|x64
		{885752DD-1406-4216-8E58-A19A1D795074}.Debug|x86.ActiveCfg = Debug|Win32
		{885752DD-1406-4216-8E58-A19A1D795074}.Debug|x86.Build.0 = Debug|Win32
		{885752DD-1406-4216-8E58-A19A1D795074}.Release|x64.ActiveCfg = Release|x64
		{885752DD-1406-4216-8E58-A19A1D795074}.Release|x64.Build.0 = Release|x64
		{885752DD-1406-4216-8E58-A19A1D795074}.Release|x86.ActiveCfg = Release|Win32
		{885752DD-1406-4216-8E58-A19A1D795074}.Release|x86.Build.0 = Release|Win32
		{A49574F0-1BD3-42F1-B9E5-7EA5EC2C8982}.Debug|x64.ActiveCfg = Debug|x64
		{A49574F0-1BD3-42F1-B9E5-7EA5EC2C8982}.Debug|x64.Build.0 = Debug|x64
		{A49574F0-1BD3-42F1-B9E5-7EA5EC2C8982}.Debug|x86.ActiveCfg = Debug|Win32
		{A49574F0-1BD3-42F1-B9E5-7EA5EC2C8982}.Debug|x86.Build.0 = Debug|Win32
		{A49574F0-1BD3-42F1-B9E5-7EA5EC2C8982}.Release|x64.ActiveCfg = Release|x64
		{A49574F0-1BD3-42F1-B9E5-7EA5EC2C8982}.Release|x64.Build.0 = Release|x64
		{A49574F0-1BD3-42F1-B9E5-7EA5EC2C8982}.Release|x86.ActiveCfg = Release|Win32
		{A49574F0-1BD3-42F1-B9E5-7EA5EC2C8982}.Release|x86.Build.0 = Release|Win32
		{5533DA61-C4B6-465D-BBEA-C9825BBF1D50}.Debug|x64.ActiveCfg = Debug|x64
		{5533DA61-C4B6-465D-BBEA-C9825BBF1D50}.Debug|x64.Build.0 = Debug|x64
		{5533DA61-C4B6-465D-BBEA-C9825BBF1D50}.Debug|x86.ActiveCfg = Debug|Win32
		{5533DA61-C4B6-465D-BBEA-C9825BBF1D50}.Debug|x86.Build.0 = Debug|Win32
		{5533DA61-C4B6-465D-BBEA-C9825BBF1D50}.Release|x64.ActiveCfg = Release|x64
		{5533DA61-C4B6-465D-BBEA-C9825BBF1D50}.Release|x64.Build.0 = Release|x64
		{5533DA61-C4B6-465D-BBEA-C9825BBF1D50}.Release|x86.ActiveCfg = Release|Win32
		{5533DA61-C4B6-465D-BBEA-C9825BBF1D50}.Release|x86.Build.0 = Release|Win32
		{DC69680F-AED9-4750-80D0-6EB19F929C55}.Debug|x64.ActiveCfg = Debug|x64
		{DC69680F-AED9-4750-80D0-6EB19F929C55}.Debug|x64.Build.0 = Debug|x64
		{DC69680F-AED9-4750-80D0-6EB19F929C55}.Debug|x86.ActiveCfg = Debug|Win32
		{DC69680F-AED9-4750-80D0-6EB19F929C55}.Debug|x86.Build.0 = Debug|Win32
		{DC69680F-AED9-4750-80D0-6EB19F929C55}.Release|x64.ActiveCfg = Release|x64
		{DC69680F-AED9-4750-80D0-6EB19F929C55}.Release|x64.Build.0 = Release|x64
		{DC69680F-AED9-4750-80D0-6EB19F929C55}.Release|x86.ActiveCfg = Release|Win32
		{DC69680F-AED9-4750-80D0-6EB19F929C55}.Release|x86.Build.0 = Release|Win32
		{9D79573D-FA12-4040-8C25-D1695EFB1FED}.Debug|x64.ActiveCfg = Debug|x64
		{9D79573D-FA12-4040-8C25-D1695EFB1FED}.Debug|x64.Build.0 = Debug|x64
		{9D79573D-FA12-4040-8C25-D1695EFB1FED}.Debug|x86.ActiveCfg = Debug|Win32
		{9D79573D-FA12-4040-8C25-D1695EFB1FED}.Debug|x86.Build.0 = Debug|Win32
		{9D79573D-FA12-4040-8C25-D1695EFB1FED}.Release|x64.ActiveCfg = Release|x64
		{9D79573D-FA12-4040-8C25-D1695EFB1FED}.Release|x64.Build.0 = Release|x64
		{9D79573D-FA12-4040-8C25-D1695EFB1FED}.Release|x86.ActiveCfg = Release|Win32
		{9D79573D-FA12-4040-8C25-D1695EFB1FED}.Release|x86.Build.0 = Release|Win32
		{F0A2D776-39F0-4561-9C37-DFA4031FDE97}.Debug|x64.ActiveCfg = Debug|x64
		{F0A2D776-39F0-4561-9C37-DFA4031FDE97}.Debug|x64.Build.0 = Debug|x64
		{F0A2D776-39F0-4561-9C37-DFA4031FDE97}.Debug|x86.ActiveCfg = Debug|Win32
		{F0A2D776-39F0-4561-9C37-DFA4031FDE97}.Debug|x86.Build.0 = Debug|Win32
		{F0A2D776-39F0-4561-9C37-DFA4031FDE97}.Release|x64.ActiveCfg = Release|x64
		{F0A2D776-39F0-4561-9C37-DFA4031FDE97}.Release|x64.Build.0 = Release|x64
		{F0A2D776-39F0-4561-9C37-DFA4031FDE97}.Release|x86.ActiveCfg = Release|Win32
		{F0A2D776-39F0-4561-9C37-DFA4031FDE97}.Release|x86.Build.0 = Release|Win32
		{B780BDF1-589B-4255-A155-607015391E9D}.Debug|x64.ActiveCfg = Debug|x64
		{B780BDF1-589B-4255-A155-607015391E9D}.Debug|x64.Build.0 = Debug|x64
		{B780BDF1-589B-4255-A155-607015391E9D}.Debug|x86.ActiveCfg = Debug|Win32
		{B780BDF1-589B-4255-A155-607015391E9D}.Debug|x86.Build.0 = Debug|Win32
		{B780BDF1-589B-4255-A155-607015391E9D}.Release|x64.ActiveCfg = Release|x64
		{B780BDF1-589B-4255-A155-607015391E9D}.Release|x64.Build.0 = Release|x64
		{B780BDF1-589B-4255-A155-607015391E9D}.Release|x86.ActiveCfg = Release|Win32
		{B780BDF1-589B-4255-A155-607015391E9D}.Release|x86.Build.0 = Release|Win32
		{28323494-8815-499B-8E95-15120C15399B}.Debug|x64.ActiveCfg = Debug|x64
		{28323494-8815-499B-8E95-15120C15399B}.Debug|x64.Build.0 = Debug|x64
		{28323494-8815-499B-8E95-15120C15399B}.Debug|x86.ActiveCfg = Debug|Win32
		{28323494-8815-499B-8E95-15120C15399B}.Debug|x86.Build.0 = Debug|Win32
		{28323494-8815-499B-8E95-15120C15399B}.Release|x64.ActiveCfg = Release|x64
		{28323494-8815-499B-8E95-15120C15399B}.Release|x64.Build.0 = Release|x64
		{28323494-8815-499B-8E95-15120C15399B}.Release|x86.ActiveCfg = Release|Win32
		{28323494-8815-499B-8E95-15120C15399B}.Release|x86.Build.0 = Release|Win32
		{EC28823C-EDD3-46C7-8C66-DD56430F28E6}.Debug|x64.ActiveCfg = Debug|x64
		{EC28823C-EDD3-46C7-8C66-DD56430F28E6}.Debug|x64.Build.0 = Debug|x64
		{EC28823C-EDD3-46C7-8C66-DD56430F28E6}.Debug|x86.ActiveCfg = Debug|Win32
		{EC28823C-EDD3-46C7-8C66-DD56430F28E6}.Debug|x86.Build.0 = Debug|Win32
		{EC28823C-EDD3-46C7-8C66-DD56430F28E6}.Release|x64.ActiveCfg = Release|x64
		{EC28823C-EDD3-46C7-8C66-DD56430F28E6}.Release|x64.Build.0 = Release|x64
		{EC28823C-EDD3-46C7-8C66-DD56430F28E6}.Release|x86.ActiveCfg = Release|Win32
		{EC28823C-EDD3-46C7-8C66-DD56430F28E6}.Release|x86.Build.0 = Release|Win32
		{F2D3AF0F-1AF1-4D4C-B911-09EF1E06A66A}.Debug|x64.ActiveCfg = Debug|x64
		{F2D3AF0F-1AF1-4D4C-B911-09EF1E06A66A}.Debug|x64.Build.0 = Debug|x64
		{F2D3AF0F-1AF1-4D4C-B911-09EF1E06A66A}.Debug|x86.ActiveCfg = Debug|Win32
		{F2D3AF0F-1AF1-4D4C-B911-09EF1E06A66A}.Debug|x86.Build.0 = Debug|Win32
		{F2D3AF0F-1AF1-4D4C-B911-09EF1E06A66A}.Release|x64.ActiveCfg = Release|x64
		{F2D3AF0F-1AF1-4D4C-B911-09EF1E06A66A}.Release|x64.Build.0 = Release|x64
		{F2D3AF0F-1AF1-4D4C-B911-09EF1E06A66A}.Release|x86.ActiveCfg = Release|Win32
		{F2D3AF0F-1AF1-4D4C-B911-09EF1E06A66A}.Release|x86.Build.0 = Release|Win32
		{8DCA3278-FE2A-476E-9A3C-C4B58CEB26E7}.Debug|x64.ActiveCfg = Debug|x64
		{8DCA3278-FE2A-476E-9A3C-C4B58CEB26E7}.Debug|x64.Build.0 = Debug|x64
		{8DCA3278-FE2A-476E-9A3C-C4B58CEB26E7}.Debug|x86.ActiveCfg = Debug|Win32
		{8DCA3278-FE2A-476E-9A3C-C4B58CEB26E7}.Debug|x86.Build.0 = Debug|Win32
		{8DCA3278-FE2A-476E-9A3C-C4B58CEB26E7}.Release|x64.ActiveCfg = Release|x64
		{8DCA3278-FE2A-476E-9A3C-C4B58CEB26E7}.Release|x64.Build.0 = Release|x64
		{8DCA3278-FE2A-476E-9A3C-C4B58CEB26E7}.Release|x86.ActiveCfg = Release|Win32
		{8DCA3278-FE2A-476E-9A3C-C4B58CEB26E7}.Release|x86.Build.0 = Release|Win32
		{CFE186FE-0F9E-4E08-9F0F-12CA4F02652C}.Debug|x64.ActiveCfg = Debug|x64
		{CFE186FE-0F9E-4E08-9F0F-12CA4F02652C}.Debug|x64.Build.0 = Debug|x64
		{CFE186FE-0F9E-4E08-9F0F-12CA4F02652C}.Debug|x86.ActiveCfg = Debug|Win32
		{CFE186FE-0F9E-4E08-9F0F-12CA4F02652C}.Debug|x86.Build.0 = Debug|Win32
		{CFE186FE-0F9E-4E08-9F0F-12CA4F02652C}.Release|x64.ActiveCfg = Release|x64
		{CFE186FE-0F9E-4E08-9F0F-12CA4F02652C}.Release|x64.Build.0 = Release|x64
		{CFE186FE-0F9E-4E08-9F0F-12CA4F02652C}.Release|x86.ActiveCfg = Release|Win32
		{CFE186FE-0F9E-4E08-9F0F-12CA4F02652C}.Release|x86.Build.0 = Release|Win32
	EndGlobalSection
	GlobalSection(SolutionProperties) = preSolution
		HideSolutionNode = FALSE
	EndGlobalSection
	GlobalSection(NestedProjects) = preSolution
		{6A20880F-FC8D-465D-AD68-68B8E30BC70E} = {1405C97D-6033-4F6C-B6D9-C8B2B8DA1979}
		{C6B4B55A-7C72-4606-A2BC-B9F13EFCDF6B} = {1405C97D-6033-4F6C-B6D9-C8B2B8DA1979}
		{3137340F-C0F2-4013-A9E4-4CE6EC87B4FD} = {1405C97D-6033-4F6C-B6D9-C8B2B8DA1979}
		{0698C716-BE87-43DA-BD49-F271F7171D84} = {1405C97D-6033-4F6C-B6D9-C8B2B8DA1979}
		{BF054E16-2F13-46A0-9FD5-3C440FE98236} = {1405C97D-6033-4F6C-B6D9-C8B2B8DA1979}
		{885752DD-1406-4216-8E58-A19A1D795074} = {1405C97D-6033-4F6C-B6D9-C8B2B8DA1979}
		{A49574F0-1BD3-42F1-B9E5-7EA5EC2C8982} = {1405C97D-6033-4F6C-B6D9-C8B2B8DA1979}
		{5533DA61-C4B6-465D-BBEA-C9825BBF1D50} = {210B4AB5-3F31-49DF-A436-4352EDFC9CD3}
		{DC69680F-AED9-4750-80D0-6EB19F929C55} = {210B4AB5-3F31-49DF-A436-4352EDFC9CD3}
		{9D79573D-FA12-4040-8C25-D1695EFB1FED} = {210B4AB5-3F31-49DF-A436-4352EDFC9CD3}
		{F0A2D776-39F0-4561-9C37-DFA4031FDE97} = {210B4AB5-3F31-49DF-A436-4352EDFC9CD3}
		{B780BDF1-589B-4255-A155-607015391E9D} = {210B4AB5-3F31-49DF-A436-4352EDFC9CD3}
		{28323494-8815-499B-8E95-15120C15399B} = {8976BA48-DD0B-4F0D-9949-52A67EE05089}
		{EC28823C-EDD3-46C7-8C66-DD56430F28E6} = {8976BA48-DD0B-4F0D-9949-52A67EE05089}
		{F2D3AF0F-1AF1-4D4C-B911-09EF1E06A66A} = {8976BA48-DD0B-4F0D-9949-52A67EE05089}
		{8DCA3278-FE2A-476E-9A3C-C4B58CEB26E7} = {8976BA48-DD0B-4F0D-9949-52A67EE05089}
	EndGlobalSection
	GlobalSection(ExtensibilityGlobals) = postSolution
		SolutionGuid = {F24B7E32-CD8E-410B-89E6-3D14CE612A0B}
	EndGlobalSection
EndGlobal
